
Microsoft Visual Studio Solution File, Format Version 12.00
# Visual Studio Version 17
VisualStudioVersion = 17.2.32505.173
MinimumVisualStudioVersion = 10.0.40219.1
Project("{9A19103F-16F7-4668-BE54-9A1E7A4F7556}") = "expiration-date-certificate", "expiration-date-certificate.csproj", "{B6C4C948-5B60-4EBC-A2BE-3F3D18069481}"
EndProject
Global
	GlobalSection(SolutionConfigurationPlatforms) = preSolution
		Debug|Any CPU = Debug|Any CPU
		Release|Any CPU = Release|Any CPU
	EndGlobalSection
	GlobalSection(ProjectConfigurationPlatforms) = postSolution
		{B6C4C948-5B60-4EBC-A2BE-3F3D18069481}.Debug|Any CPU.ActiveCfg = Debug|Any CPU
		{B6C4C948-5B60-4EBC-A2BE-3F3D18069481}.Debug|Any CPU.Build.0 = Debug|Any CPU
		{B6C4C948-5B60-4EBC-A2BE-3F3D18069481}.Release|Any CPU.ActiveCfg = Release|Any CPU
		{B6C4C948-5B60-4EBC-A2BE-3F3D18069481}.Release|Any CPU.Build.0 = Release|Any CPU
	EndGlobalSection
	GlobalSection(SolutionProperties) = preSolution
		HideSolutionNode = FALSE
	EndGlobalSection
	GlobalSection(ExtensibilityGlobals) = postSolution
		SolutionGuid = {4E9710A2-7F3E-4427-8493-27EE4C571C95}
	EndGlobalSection
EndGlobal
